
Microsoft Visual Studio Solution File, Format Version 12.00
# Visual Studio Version 17
VisualStudioVersion = 17.0.31710.8
MinimumVisualStudioVersion = 10.0.40219.1
Project("{FAE04EC0-301F-11D3-BF4B-00C04F79EFBC}") = "KafkaConsumer", "KafkaConsumer.csproj", "{2306858C-978A-4535-879E-6E1EA25E2E42}"
EndProject
Global
	GlobalSection(SolutionConfigurationPlatforms) = preSolution
		Debug|Any CPU = Debug|Any CPU
		Release|Any CPU = Release|Any CPU
	EndGlobalSection
	GlobalSection(ProjectConfigurationPlatforms) = postSolution
		{2306858C-978A-4535-879E-6E1EA25E2E42}.Debug|Any CPU.ActiveCfg = Debug|Any CPU
		{2306858C-978A-4535-879E-6E1EA25E2E42}.Debug|Any CPU.Build.0 = Debug|Any CPU
		{2306858C-978A-4535-879E-6E1EA25E2E42}.Release|Any CPU.ActiveCfg = Release|Any CPU
		{2306858C-978A-4535-879E-6E1EA25E2E42}.Release|Any CPU.Build.0 = Release|Any CPU
	EndGlobalSection
	GlobalSection(SolutionProperties) = preSolution
		HideSolutionNode = FALSE
	EndGlobalSection
	GlobalSection(ExtensibilityGlobals) = postSolution
		SolutionGuid = {E2FE9D29-60AA-49D7-9121-BCE04D6A06A6}
	EndGlobalSection
EndGlobal
